
Microsoft Visual Studio Solution File, Format Version 12.00
# Visual Studio Version 16
VisualStudioVersion = 16.0.29215.179
MinimumVisualStudioVersion = 10.0.40219.1
Project("{FAE04EC0-301F-11D3-BF4B-00C04F79EFBC}") = "InterfaceMikeProject", "InterfaceMikeProject\InterfaceMikeProject.csproj", "{571EC643-0167-41ED-8DE7-476D09FD5B5B}"
EndProject
Global
	GlobalSection(SolutionConfigurationPlatforms) = preSolution
		Debug|Any CPU = Debug|Any CPU
		Release|Any CPU = Release|Any CPU
	EndGlobalSection
	GlobalSection(ProjectConfigurationPlatforms) = postSolution
		{571EC643-0167-41ED-8DE7-476D09FD5B5B}.Debug|Any CPU.ActiveCfg = Debug|Any CPU
		{571EC643-0167-41ED-8DE7-476D09FD5B5B}.Debug|Any CPU.Build.0 = Debug|Any CPU
		{571EC643-0167-41ED-8DE7-476D09FD5B5B}.Release|Any CPU.ActiveCfg = Release|Any CPU
		{571EC643-0167-41ED-8DE7-476D09FD5B5B}.Release|Any CPU.Build.0 = Release|Any CPU
	EndGlobalSection
	GlobalSection(SolutionProperties) = preSolution
		HideSolutionNode = FALSE
	EndGlobalSection
	GlobalSection(ExtensibilityGlobals) = postSolution
		SolutionGuid = {897908F3-C6DE-4516-9DEF-CEE65C2BE6CA}
	EndGlobalSection
EndGlobal
